
Microsoft Visual Studio Solution File, Format Version 12.00
# Visual Studio Version 16
VisualStudioVersion = 16.0.29519.87
MinimumVisualStudioVersion = 10.0.40219.1
Project("{FAE04EC0-301F-11D3-BF4B-00C04F79EFBC}") = "AssemblyEditor", "MicroarchitectureDesigner\AssemblyEditor.csproj", "{7CC1A11E-9E5B-412E-8D4A-2613C5FE0643}"
EndProject
Project("{FAE04EC0-301F-11D3-BF4B-00C04F79EFBC}") = "CpuSim", "CpuSim\CpuSim.csproj", "{9E7AEC50-4834-4E1B-92BE-591C5B8D1EE7}"
EndProject
Project("{FAE04EC0-301F-11D3-BF4B-00C04F79EFBC}") = "TestProject", "TestProject\TestProject.csproj", "{40DF8920-FA09-46F6-B8A5-4B952E824C98}"
EndProject
Project("{FAE04EC0-301F-11D3-BF4B-00C04F79EFBC}") = "Assembler", "Assembler\Assembler.csproj", "{06550792-5D52-4E2B-86E0-547DC216FA2F}"
EndProject
Global
	GlobalSection(SolutionConfigurationPlatforms) = preSolution
		Debug|Any CPU = Debug|Any CPU
		Release|Any CPU = Release|Any CPU
	EndGlobalSection
	GlobalSection(ProjectConfigurationPlatforms) = postSolution
		{7CC1A11E-9E5B-412E-8D4A-2613C5FE0643}.Debug|Any CPU.ActiveCfg = Debug|Any CPU
		{7CC1A11E-9E5B-412E-8D4A-2613C5FE0643}.Debug|Any CPU.Build.0 = Debug|Any CPU
		{7CC1A11E-9E5B-412E-8D4A-2613C5FE0643}.Release|Any CPU.ActiveCfg = Release|Any CPU
		{7CC1A11E-9E5B-412E-8D4A-2613C5FE0643}.Release|Any CPU.Build.0 = Release|Any CPU
		{9E7AEC50-4834-4E1B-92BE-591C5B8D1EE7}.Debug|Any CPU.ActiveCfg = Debug|Any CPU
		{9E7AEC50-4834-4E1B-92BE-591C5B8D1EE7}.Debug|Any CPU.Build.0 = Debug|Any CPU
		{9E7AEC50-4834-4E1B-92BE-591C5B8D1EE7}.Release|Any CPU.ActiveCfg = Release|Any CPU
		{9E7AEC50-4834-4E1B-92BE-591C5B8D1EE7}.Release|Any CPU.Build.0 = Release|Any CPU
		{40DF8920-FA09-46F6-B8A5-4B952E824C98}.Debug|Any CPU.ActiveCfg = Debug|Any CPU
		{40DF8920-FA09-46F6-B8A5-4B952E824C98}.Debug|Any CPU.Build.0 = Debug|Any CPU
		{40DF8920-FA09-46F6-B8A5-4B952E824C98}.Release|Any CPU.ActiveCfg = Release|Any CPU
		{40DF8920-FA09-46F6-B8A5-4B952E824C98}.Release|Any CPU.Build.0 = Release|Any CPU
		{06550792-5D52-4E2B-86E0-547DC216FA2F}.Debug|Any CPU.ActiveCfg = Debug|Any CPU
		{06550792-5D52-4E2B-86E0-547DC216FA2F}.Debug|Any CPU.Build.0 = Debug|Any CPU
		{06550792-5D52-4E2B-86E0-547DC216FA2F}.Release|Any CPU.ActiveCfg = Release|Any CPU
		{06550792-5D52-4E2B-86E0-547DC216FA2F}.Release|Any CPU.Build.0 = Release|Any CPU
	EndGlobalSection
	GlobalSection(SolutionProperties) = preSolution
		HideSolutionNode = FALSE
	EndGlobalSection
	GlobalSection(ExtensibilityGlobals) = postSolution
		SolutionGuid = {C60493B4-E6A9-42A8-8735-643CAA557F7A}
	EndGlobalSection
EndGlobal
